
Microsoft Visual Studio Solution File, Format Version 12.00
# Visual Studio 15
VisualStudioVersion = 15.0.27130.2036
MinimumVisualStudioVersion = 10.0.40219.1
Project("{8BC9CEB8-8B4A-11D0-8D11-00A0C91BC942}") = "vlog", "vlog\vlog.vcxproj", "{7017EF1D-3511-4F8E-8F6D-8B7227237912}"
	ProjectSection(ProjectDependencies) = postProject
		{0DB16150-B796-4A04-888A-EBFA9D4AD66F} = {0DB16150-B796-4A04-888A-EBFA9D4AD66F}
	EndProjectSection
EndProject
Project("{8BC9CEB8-8B4A-11D0-8D11-00A0C91BC942}") = "vlog-core", "vlog-core\vlog-core.vcxproj", "{0DB16150-B796-4A04-888A-EBFA9D4AD66F}"
EndProject
Global
	GlobalSection(SolutionConfigurationPlatforms) = preSolution
		Debug|x64 = Debug|x64
		Release|x64 = Release|x64
	EndGlobalSection
	GlobalSection(ProjectConfigurationPlatforms) = postSolution
		{7017EF1D-3511-4F8E-8F6D-8B7227237912}.Debug|x64.ActiveCfg = Debug|x64
		{7017EF1D-3511-4F8E-8F6D-8B7227237912}.Debug|x64.Build.0 = Debug|x64
		{7017EF1D-3511-4F8E-8F6D-8B7227237912}.Release|x64.ActiveCfg = Release|x64
		{7017EF1D-3511-4F8E-8F6D-8B7227237912}.Release|x64.Build.0 = Release|x64
		{0DB16150-B796-4A04-888A-EBFA9D4AD66F}.Debug|x64.ActiveCfg = Debug|x64
		{0DB16150-B796-4A04-888A-EBFA9D4AD66F}.Debug|x64.Build.0 = Debug|x64
		{0DB16150-B796-4A04-888A-EBFA9D4AD66F}.Release|x64.ActiveCfg = Release|x64
		{0DB16150-B796-4A04-888A-EBFA9D4AD66F}.Release|x64.Build.0 = Release|x64
	EndGlobalSection
	GlobalSection(SolutionProperties) = preSolution
		HideSolutionNode = FALSE
	EndGlobalSection
	GlobalSection(ExtensibilityGlobals) = postSolution
		SolutionGuid = {6CDABCE3-2F84-4588-9E08-16F5A8BE0F62}
	EndGlobalSection
EndGlobal
